github.com/codemodus/kace v0.5.1 h1:4OCsBlE2c/rSJo375ggfnucv9eRzge/U5LrrOZd47HA=
github.com/codemodus/kace v0.5.1/go.mod h1:coddaHoX1ku1YFSe4Ip0mL9kQjJvKkzb9CfIdG1YR04=
github.com/gertd/go-pluralize v0.2.0 h1:VzWNnxkUo3wkW2Nmp+3ieHSTQQ0LBHeSVxlKsQPQ+UY=
github.com/gertd/go-pluralize v0.2.0/go.mod h1:4ouO1Ndf/r7sZMorwp4Sbfw80lUni+sd+o3qJR8L9To=
github.com/gobeam/stringy v0.0.5 h1:TvxQGSAqr/qF0SBVxa8Q67WWIo7bCWS0bM101WOd52g=
github.com/gobeam/stringy v0.0.5/go.mod h1:W3620X9dJHf2FSZF5fRnWekHcHQjwmCz8ZQ2d1qloqE=
github.com/pkg/errors v0.9.1 h1:FEBLx1zS214owpjy7qsBeixbURkuhQAwrK5UwLGTwt4=
github.com/pkg/errors v0.9.1/go.mod h1:bwawxfHBFNV+L2hUp1rHADufV3IMtnDRdf1r5NINEl0=
